
Microsoft Visual Studio Solution File, Format Version 12.00
# Visual Studio Version 16
VisualStudioVersion = 16.0.29215.179
MinimumVisualStudioVersion = 10.0.40219.1
Project("{FAE04EC0-301F-11D3-BF4B-00C04F79EFBC}") = "DemoAnomalyDetector.UWP", "DemoAnomalyDetector\DemoAnomalyDetector.UWP\DemoAnomalyDetector.UWP.csproj", "{B29EC834-2CEB-46F5-BB57-0E8E4DA6C7D1}"
EndProject
Project("{FAE04EC0-301F-11D3-BF4B-00C04F79EFBC}") = "DemoAnomalyDetector.Android", "DemoAnomalyDetector\DemoAnomalyDetector.Android\DemoAnomalyDetector.Android.csproj", "{2529B465-69F2-4238-8759-66138D59EE76}"
EndProject
Project("{FAE04EC0-301F-11D3-BF4B-00C04F79EFBC}") = "DemoAnomalyDetector.iOS", "DemoAnomalyDetector\DemoAnomalyDetector.iOS\DemoAnomalyDetector.iOS.csproj", "{A61F9156-7F30-4F0F-8991-2186B79579C8}"
EndProject
Project("{FAE04EC0-301F-11D3-BF4B-00C04F79EFBC}") = "DemoAnomalyDetector", "DemoAnomalyDetector\DemoAnomalyDetector\DemoAnomalyDetector.csproj", "{63AD7395-C582-4EF5-8E87-45F17D894B9E}"
EndProject
Global
	GlobalSection(SolutionConfigurationPlatforms) = preSolution
		Debug|Any CPU = Debug|Any CPU
		Debug|ARM = Debug|ARM
		Debug|iPhone = Debug|iPhone
		Debug|iPhoneSimulator = Debug|iPhoneSimulator
		Debug|x64 = Debug|x64
		Debug|x86 = Debug|x86
		Release|Any CPU = Release|Any CPU
		Release|ARM = Release|ARM
		Release|iPhone = Release|iPhone
		Release|iPhoneSimulator = Release|iPhoneSimulator
		Release|x64 = Release|x64
		Release|x86 = Release|x86
	EndGlobalSection
	GlobalSection(ProjectConfigurationPlatforms) = postSolution
		{B29EC834-2CEB-46F5-BB57-0E8E4DA6C7D1}.Debug|Any CPU.ActiveCfg = Debug|x86
		{B29EC834-2CEB-46F5-BB57-0E8E4DA6C7D1}.Debug|Any CPU.Build.0 = Debug|x86
		{B29EC834-2CEB-46F5-BB57-0E8E4DA6C7D1}.Debug|Any CPU.Deploy.0 = Debug|x86
		{B29EC834-2CEB-46F5-BB57-0E8E4DA6C7D1}.Debug|ARM.ActiveCfg = Debug|ARM
		{B29EC834-2CEB-46F5-BB57-0E8E4DA6C7D1}.Debug|ARM.Build.0 = Debug|ARM
		{B29EC834-2CEB-46F5-BB57-0E8E4DA6C7D1}.Debug|ARM.Deploy.0 = Debug|ARM
		{B29EC834-2CEB-46F5-BB57-0E8E4DA6C7D1}.Debug|iPhone.ActiveCfg = Debug|x86
		{B29EC834-2CEB-46F5-BB57-0E8E4DA6C7D1}.Debug|iPhone.Build.0 = Debug|x86
		{B29EC834-2CEB-46F5-BB57-0E8E4DA6C7D1}.Debug|iPhone.Deploy.0 = Debug|x86
		{B29EC834-2CEB-46F5-BB57-0E8E4DA6C7D1}.Debug|iPhoneSimulator.ActiveCfg = Debug|x86
		{B29EC834-2CEB-46F5-BB57-0E8E4DA6C7D1}.Debug|iPhoneSimulator.Build.0 = Debug|x86
		{B29EC834-2CEB-46F5-BB57-0E8E4DA6C7D1}.Debug|iPhoneSimulator.Deploy.0 = Debug|x86
		{B29EC834-2CEB-46F5-BB57-0E8E4DA6C7D1}.Debug|x64.ActiveCfg = Debug|x64
		{B29EC834-2CEB-46F5-BB57-0E8E4DA6C7D1}.Debug|x64.Build.0 = Debug|x64
		{B29EC834-2CEB-46F5-BB57-0E8E4DA6C7D1}.Debug|x64.Deploy.0 = Debug|x64
		{B29EC834-2CEB-46F5-BB57-0E8E4DA6C7D1}.Debug|x86.ActiveCfg = Debug|x86
		{B29EC834-2CEB-46F5-BB57-0E8E4DA6C7D1}.Debug|x86.Build.0 = Debug|x86
		{B29EC834-2CEB-46F5-BB57-0E8E4DA6C7D1}.Debug|x86.Deploy.0 = Debug|x86
		{B29EC834-2CEB-46F5-BB57-0E8E4DA6C7D1}.Release|Any CPU.ActiveCfg = Release|x86
		{B29EC834-2CEB-46F5-BB57-0E8E4DA6C7D1}.Release|Any CPU.Build.0 = Release|x86
		{B29EC834-2CEB-46F5-BB57-0E8E4DA6C7D1}.Release|Any CPU.Deploy.0 = Release|x86
		{B29EC834-2CEB-46F5-BB57-0E8E4DA6C7D1}.Release|ARM.ActiveCfg = Release|ARM
		{B29EC834-2CEB-46F5-BB57-0E8E4DA6C7D1}.Release|ARM.Build.0 = Release|ARM
		{B29EC834-2CEB-46F5-BB57-0E8E4DA6C7D1}.Release|ARM.Deploy.0 = Release|ARM
		{B29EC834-2CEB-46F5-BB57-0E8E4DA6C7D1}.Release|iPhone.ActiveCfg = Release|x86
		{B29EC834-2CEB-46F5-BB57-0E8E4DA6C7D1}.Release|iPhone.Build.0 = Release|x86
		{B29EC834-2CEB-46F5-BB57-0E8E4DA6C7D1}.Release|iPhone.Deploy.0 = Release|x86
		{B29EC834-2CEB-46F5-BB57-0E8E4DA6C7D1}.Release|iPhoneSimulator.ActiveCfg = Release|x86
		{B29EC834-2CEB-46F5-BB57-0E8E4DA6C7D1}.Release|iPhoneSimulator.Build.0 = Release|x86
		{B29EC834-2CEB-46F5-BB57-0E8E4DA6C7D1}.Release|iPhoneSimulator.Deploy.0 = Release|x86
		{B29EC834-2CEB-46F5-BB57-0E8E4DA6C7D1}.Release|x64.ActiveCfg = Release|x64
		{B29EC834-2CEB-46F5-BB57-0E8E4DA6C7D1}.Release|x64.Build.0 = Release|x64
		{B29EC834-2CEB-46F5-BB57-0E8E4DA6C7D1}.Release|x64.Deploy.0 = Release|x64
		{B29EC834-2CEB-46F5-BB57-0E8E4DA6C7D1}.Release|x86.ActiveCfg = Release|x86
		{B29EC834-2CEB-46F5-BB57-0E8E4DA6C7D1}.Release|x86.Build.0 = Release|x86
		{B29EC834-2CEB-46F5-BB57-0E8E4DA6C7D1}.Release|x86.Deploy.0 = Release|x86
		{2529B465-69F2-4238-8759-66138D59EE76}.Debug|Any CPU.ActiveCfg = Debug|Any CPU
		{2529B465-69F2-4238-8759-66138D59EE76}.Debug|Any CPU.Build.0 = Debug|Any CPU
		{2529B465-69F2-4238-8759-66138D59EE76}.Debug|Any CPU.Deploy.0 = Debug|Any CPU
		{2529B465-69F2-4238-8759-66138D59EE76}.Debug|ARM.ActiveCfg = Debug|Any CPU
		{2529B465-69F2-4238-8759-66138D59EE76}.Debug|ARM.Build.0 = Debug|Any CPU
		{2529B465-69F2-4238-8759-66138D59EE76}.Debug|ARM.Deploy.0 = Debug|Any CPU
		{2529B465-69F2-4238-8759-66138D59EE76}.Debug|iPhone.ActiveCfg = Debug|Any CPU
		{2529B465-69F2-4238-8759-66138D59EE76}.Debug|iPhone.Build.0 = Debug|Any CPU
		{2529B465-69F2-4238-8759-66138D59EE76}.Debug|iPhone.Deploy.0 = Debug|Any CPU
		{2529B465-69F2-4238-8759-66138D59EE76}.Debug|iPhoneSimulator.ActiveCfg = Debug|Any CPU
		{2529B465-69F2-4238-8759-66138D59EE76}.Debug|iPhoneSimulator.Build.0 = Debug|Any CPU
		{2529B465-69F2-4238-8759-66138D59EE76}.Debug|iPhoneSimulator.Deploy.0 = Debug|Any CPU
		{2529B465-69F2-4238-8759-66138D59EE76}.Debug|x64.ActiveCfg = Debug|Any CPU
		{2529B465-69F2-4238-8759-66138D59EE76}.Debug|x64.Build.0 = Debug|Any CPU
		{2529B465-69F2-4238-8759-66138D59EE76}.Debug|x64.Deploy.0 = Debug|Any CPU
		{2529B465-69F2-4238-8759-66138D59EE76}.Debug|x86.ActiveCfg = Debug|Any CPU
		{2529B465-69F2-4238-8759-66138D59EE76}.Debug|x86.Build.0 = Debug|Any CPU
		{2529B465-69F2-4238-8759-66138D59EE76}.Debug|x86.Deploy.0 = Debug|Any CPU
		{2529B465-69F2-4238-8759-66138D59EE76}.Release|Any CPU.ActiveCfg = Release|Any CPU
		{2529B465-69F2-4238-8759-66138D59EE76}.Release|Any CPU.Build.0 = Release|Any CPU
		{2529B465-69F2-4238-8759-66138D59EE76}.Release|Any CPU.Deploy.0 = Release|Any CPU
		{2529B465-69F2-4238-8759-66138D59EE76}.Release|ARM.ActiveCfg = Release|Any CPU
		{2529B465-69F2-4238-8759-66138D59EE76}.Release|ARM.Build.0 = Release|Any CPU
		{2529B465-69F2-4238-8759-66138D59EE76}.Release|ARM.Deploy.0 = Release|Any CPU
		{2529B465-69F2-4238-8759-66138D59EE76}.Release|iPhone.ActiveCfg = Release|Any CPU
		{2529B465-69F2-4238-8759-66138D59EE76}.Release|iPhone.Build.0 = Release|Any CPU
		{2529B465-69F2-4238-8759-66138D59EE76}.Release|iPhone.Deploy.0 = Release|Any CPU
		{2529B465-69F2-4238-8759-66138D59EE76}.Release|iPhoneSimulator.ActiveCfg = Release|Any CPU
		{2529B465-69F2-4238-8759-66138D59EE76}.Release|iPhoneSimulator.Build.0 = Release|Any CPU
		{2529B465-69F2-4238-8759-66138D59EE76}.Release|iPhoneSimulator.Deploy.0 = Release|Any CPU
		{2529B465-69F2-4238-8759-66138D59EE76}.Release|x64.ActiveCfg = Release|Any CPU
		{2529B465-69F2-4238-8759-66138D59EE76}.Release|x64.Build.0 = Release|Any CPU
		{2529B465-69F2-4238-8759-66138D59EE76}.Release|x64.Deploy.0 = Release|Any CPU
		{2529B465-69F2-4238-8759-66138D59EE76}.Release|x86.ActiveCfg = Release|Any CPU
		{2529B465-69F2-4238-8759-66138D59EE76}.Release|x86.Build.0 = Release|Any CPU
		{2529B465-69F2-4238-8759-66138D59EE76}.Release|x86.Deploy.0 = Release|Any CPU
		{A61F9156-7F30-4F0F-8991-2186B79579C8}.Debug|Any CPU.ActiveCfg = Debug|iPhone
		{A61F9156-7F30-4F0F-8991-2186B79579C8}.Debug|Any CPU.Build.0 = Debug|iPhone
		{A61F9156-7F30-4F0F-8991-2186B79579C8}.Debug|Any CPU.Deploy.0 = Debug|iPhone
		{A61F9156-7F30-4F0F-8991-2186B79579C8}.Debug|ARM.ActiveCfg = Debug|iPhoneSimulator
		{A61F9156-7F30-4F0F-8991-2186B79579C8}.Debug|ARM.Build.0 = Debug|iPhoneSimulator
		{A61F9156-7F30-4F0F-8991-2186B79579C8}.Debug|ARM.Deploy.0 = Debug|iPhoneSimulator
		{A61F9156-7F30-4F0F-8991-2186B79579C8}.Debug|iPhone.ActiveCfg = Debug|iPhone
		{A61F9156-7F30-4F0F-8991-2186B79579C8}.Debug|iPhone.Build.0 = Debug|iPhone
		{A61F9156-7F30-4F0F-8991-2186B79579C8}.Debug|iPhone.Deploy.0 = Debug|iPhone
		{A61F9156-7F30-4F0F-8991-2186B79579C8}.Debug|iPhoneSimulator.ActiveCfg = Debug|iPhoneSimulator
		{A61F9156-7F30-4F0F-8991-2186B79579C8}.Debug|iPhoneSimulator.Build.0 = Debug|iPhoneSimulator
		{A61F9156-7F30-4F0F-8991-2186B79579C8}.Debug|iPhoneSimulator.Deploy.0 = Debug|iPhoneSimulator
		{A61F9156-7F30-4F0F-8991-2186B79579C8}.Debug|x64.ActiveCfg = Debug|iPhone
		{A61F9156-7F30-4F0F-8991-2186B79579C8}.Debug|x64.Build.0 = Debug|iPhone
		{A61F9156-7F30-4F0F-8991-2186B79579C8}.Debug|x64.Deploy.0 = Debug|iPhone
		{A61F9156-7F30-4F0F-8991-2186B79579C8}.Debug|x86.ActiveCfg = Debug|iPhone
		{A61F9156-7F30-4F0F-8991-2186B79579C8}.Debug|x86.Build.0 = Debug|iPhone
		{A61F9156-7F30-4F0F-8991-2186B79579C8}.Debug|x86.Deploy.0 = Debug|iPhone
		{A61F9156-7F30-4F0F-8991-2186B79579C8}.Release|Any CPU.ActiveCfg = Release|iPhone
		{A61F9156-7F30-4F0F-8991-2186B79579C8}.Release|Any CPU.Build.0 = Release|iPhone
		{A61F9156-7F30-4F0F-8991-2186B79579C8}.Release|Any CPU.Deploy.0 = Release|iPhone
		{A61F9156-7F30-4F0F-8991-2186B79579C8}.Release|ARM.ActiveCfg = Release|iPhone
		{A61F9156-7F30-4F0F-8991-2186B79579C8}.Release|ARM.Build.0 = Release|iPhone
		{A61F9156-7F30-4F0F-8991-2186B79579C8}.Release|ARM.Deploy.0 = Release|iPhone
		{A61F9156-7F30-4F0F-8991-2186B79579C8}.Release|iPhone.ActiveCfg = Release|iPhone
		{A61F9156-7F30-4F0F-8991-2186B79579C8}.Release|iPhone.Build.0 = Release|iPhone
		{A61F9156-7F30-4F0F-8991-2186B79579C8}.Release|iPhone.Deploy.0 = Release|iPhone
		{A61F9156-7F30-4F0F-8991-2186B79579C8}.Release|iPhoneSimulator.ActiveCfg = Release|iPhoneSimulator
		{A61F9156-7F30-4F0F-8991-2186B79579C8}.Release|iPhoneSimulator.Build.0 = Release|iPhoneSimulator
		{A61F9156-7F30-4F0F-8991-2186B79579C8}.Release|iPhoneSimulator.Deploy.0 = Release|iPhoneSimulator
		{A61F9156-7F30-4F0F-8991-2186B79579C8}.Release|x64.ActiveCfg = Release|iPhone
		{A61F9156-7F30-4F0F-8991-2186B79579C8}.Release|x64.Build.0 = Release|iPhone
		{A61F9156-7F30-4F0F-8991-2186B79579C8}.Release|x64.Deploy.0 = Release|iPhone
		{A61F9156-7F30-4F0F-8991-2186B79579C8}.Release|x86.ActiveCfg = Release|iPhone
		{A61F9156-7F30-4F0F-8991-2186B79579C8}.Release|x86.Build.0 = Release|iPhone
		{A61F9156-7F30-4F0F-8991-2186B79579C8}.Release|x86.Deploy.0 = Release|iPhone
		{63AD7395-C582-4EF5-8E87-45F17D894B9E}.Debug|Any CPU.ActiveCfg = Debug|Any CPU
		{63AD7395-C582-4EF5-8E87-45F17D894B9E}.Debug|Any CPU.Build.0 = Debug|Any CPU
		{63AD7395-C582-4EF5-8E87-45F17D894B9E}.Debug|Any CPU.Deploy.0 = Debug|Any CPU
		{63AD7395-C582-4EF5-8E87-45F17D894B9E}.Debug|ARM.ActiveCfg = Debug|Any CPU
		{63AD7395-C582-4EF5-8E87-45F17D894B9E}.Debug|ARM.Build.0 = Debug|Any CPU
		{63AD7395-C582-4EF5-8E87-45F17D894B9E}.Debug|ARM.Deploy.0 = Debug|Any CPU
		{63AD7395-C582-4EF5-8E87-45F17D894B9E}.Debug|iPhone.ActiveCfg = Debug|Any CPU
		{63AD7395-C582-4EF5-8E87-45F17D894B9E}.Debug|iPhone.Build.0 = Debug|Any CPU
		{63AD7395-C582-4EF5-8E87-45F17D894B9E}.Debug|iPhone.Deploy.0 = Debug|Any CPU
		{63AD7395-C582-4EF5-8E87-45F17D894B9E}.Debug|iPhoneSimulator.ActiveCfg = Debug|Any CPU
		{63AD7395-C582-4EF5-8E87-45F17D894B9E}.Debug|iPhoneSimulator.Build.0 = Debug|Any CPU
		{63AD7395-C582-4EF5-8E87-45F17D894B9E}.Debug|iPhoneSimulator.Deploy.0 = Debug|Any CPU
		{63AD7395-C582-4EF5-8E87-45F17D894B9E}.Debug|x64.ActiveCfg = Debug|Any CPU
		{63AD7395-C582-4EF5-8E87-45F17D894B9E}.Debug|x64.Build.0 = Debug|Any CPU
		{63AD7395-C582-4EF5-8E87-45F17D894B9E}.Debug|x64.Deploy.0 = Debug|Any CPU
		{63AD7395-C582-4EF5-8E87-45F17D894B9E}.Debug|x86.ActiveCfg = Debug|Any CPU
		{63AD7395-C582-4EF5-8E87-45F17D894B9E}.Debug|x86.Build.0 = Debug|Any CPU
		{63AD7395-C582-4EF5-8E87-45F17D894B9E}.Debug|x86.Deploy.0 = Debug|Any CPU
		{63AD7395-C582-4EF5-8E87-45F17D894B9E}.Release|Any CPU.ActiveCfg = Release|Any CPU
		{63AD7395-C582-4EF5-8E87-45F17D894B9E}.Release|Any CPU.Build.0 = Release|Any CPU
		{63AD7395-C582-4EF5-8E87-45F17D894B9E}.Release|Any CPU.Deploy.0 = Release|Any CPU
		{63AD7395-C582-4EF5-8E87-45F17D894B9E}.Release|ARM.ActiveCfg = Release|Any CPU
		{63AD7395-C582-4EF5-8E87-45F17D894B9E}.Release|ARM.Build.0 = Release|Any CPU
		{63AD7395-C582-4EF5-8E87-45F17D894B9E}.Release|ARM.Deploy.0 = Release|Any CPU
		{63AD7395-C582-4EF5-8E87-45F17D894B9E}.Release|iPhone.ActiveCfg = Release|Any CPU
		{63AD7395-C582-4EF5-8E87-45F17D894B9E}.Release|iPhone.Build.0 = Release|Any CPU
		{63AD7395-C582-4EF5-8E87-45F17D894B9E}.Release|iPhone.Deploy.0 = Release|Any CPU
		{63AD7395-C582-4EF5-8E87-45F17D894B9E}.Release|iPhoneSimulator.ActiveCfg = Release|Any CPU
		{63AD7395-C582-4EF5-8E87-45F17D894B9E}.Release|iPhoneSimulator.Build.0 = Release|Any CPU
		{63AD7395-C582-4EF5-8E87-45F17D894B9E}.Release|iPhoneSimulator.Deploy.0 = Release|Any CPU
		{63AD7395-C582-4EF5-8E87-45F17D894B9E}.Release|x64.ActiveCfg = Release|Any CPU
		{63AD7395-C582-4EF5-8E87-45F17D894B9E}.Release|x64.Build.0 = Release|Any CPU
		{63AD7395-C582-4EF5-8E87-45F17D894B9E}.Release|x64.Deploy.0 = Release|Any CPU
		{63AD7395-C582-4EF5-8E87-45F17D894B9E}.Release|x86.ActiveCfg = Release|Any CPU
		{63AD7395-C582-4EF5-8E87-45F17D894B9E}.Release|x86.Build.0 = Release|Any CPU
		{63AD7395-C582-4EF5-8E87-45F17D894B9E}.Release|x86.Deploy.0 = Release|Any CPU
	EndGlobalSection
	GlobalSection(SolutionProperties) = preSolution
		HideSolutionNode = FALSE
	EndGlobalSection
	GlobalSection(ExtensibilityGlobals) = postSolution
		SolutionGuid = {5DFC4485-38E6-4534-8668-5812D68DDDE9}
	EndGlobalSection
EndGlobal
